
Microsoft Visual Studio Solution File, Format Version 12.00
# Visual Studio Version 17
VisualStudioVersion = 17.7.34031.279
MinimumVisualStudioVersion = 10.0.40219.1
Project("{FAE04EC0-301F-11D3-BF4B-00C04F79EFBC}") = "SEGURETAT_yago", "SEGURETAT_yago\SEGURETAT_yago.csproj", "{0C042DEE-A785-42B0-8BFB-13F6D88F4C0D}"
EndProject
Global
	GlobalSection(SolutionConfigurationPlatforms) = preSolution
		Debug|Any CPU = Debug|Any CPU
		Release|Any CPU = Release|Any CPU
	EndGlobalSection
	GlobalSection(ProjectConfigurationPlatforms) = postSolution
		{0C042DEE-A785-42B0-8BFB-13F6D88F4C0D}.Debug|Any CPU.ActiveCfg = Debug|Any CPU
		{0C042DEE-A785-42B0-8BFB-13F6D88F4C0D}.Debug|Any CPU.Build.0 = Debug|Any CPU
		{0C042DEE-A785-42B0-8BFB-13F6D88F4C0D}.Release|Any CPU.ActiveCfg = Release|Any CPU
		{0C042DEE-A785-42B0-8BFB-13F6D88F4C0D}.Release|Any CPU.Build.0 = Release|Any CPU
	EndGlobalSection
	GlobalSection(SolutionProperties) = preSolution
		HideSolutionNode = FALSE
	EndGlobalSection
	GlobalSection(ExtensibilityGlobals) = postSolution
		SolutionGuid = {55CF6CA6-C2AA-4B2E-93C8-71E244491B95}
	EndGlobalSection
EndGlobal
